
Microsoft Visual Studio Solution File, Format Version 12.00
# Visual Studio Version 17
VisualStudioVersion = 17.1.32319.34
MinimumVisualStudioVersion = 10.0.40219.1
Project("{FAE04EC0-301F-11D3-BF4B-00C04F79EFBC}") = "Carreras", "Carreras\Carreras.csproj", "{C10B5332-4C21-4091-B7CD-CA0FE8E3CFC2}"
EndProject
Global
	GlobalSection(SolutionConfigurationPlatforms) = preSolution
		Debug|Any CPU = Debug|Any CPU
		Release|Any CPU = Release|Any CPU
	EndGlobalSection
	GlobalSection(ProjectConfigurationPlatforms) = postSolution
		{C10B5332-4C21-4091-B7CD-CA0FE8E3CFC2}.Debug|Any CPU.ActiveCfg = Debug|Any CPU
		{C10B5332-4C21-4091-B7CD-CA0FE8E3CFC2}.Debug|Any CPU.Build.0 = Debug|Any CPU
		{C10B5332-4C21-4091-B7CD-CA0FE8E3CFC2}.Release|Any CPU.ActiveCfg = Release|Any CPU
		{C10B5332-4C21-4091-B7CD-CA0FE8E3CFC2}.Release|Any CPU.Build.0 = Release|Any CPU
	EndGlobalSection
	GlobalSection(SolutionProperties) = preSolution
		HideSolutionNode = FALSE
	EndGlobalSection
	GlobalSection(ExtensibilityGlobals) = postSolution
		SolutionGuid = {7647E267-BB57-434D-A4A3-054FC5EF7F8D}
	EndGlobalSection
EndGlobal
